// !$*UTF8*$!
{
	archiveVersion = 1;
	classes = {
	};
	objectVersion = 56;
	objects = {

/* Begin PBXBuildFile section */
		74BBD9D629CCD60500CC7A7B /* AppDelegate.swift in Sources */ = {isa = PBXBuildFile; fileRef = 74BBD9D529CCD60500CC7A7B /* AppDelegate.swift */; };
		74BBD9D829CCD60500CC7A7B /* SceneDelegate.swift in Sources */ = {isa = PBXBuildFile; fileRef = 74BBD9D729CCD60500CC7A7B /* SceneDelegate.swift */; };
		74BBD9DA29CCD60500CC7A7B /* ViewController.swift in Sources */ = {isa = PBXBuildFile; fileRef = 74BBD9D929CCD60500CC7A7B /* ViewController.swift */; };
		74BBD9DD29CCD60500CC7A7B /* Main.storyboard in Resources */ = {isa = PBXBuildFile; fileRef = 74BBD9DB29CCD60500CC7A7B /* Main.storyboard */; };
		74BBD9DF29CCD60800CC7A7B /* Assets.xcassets in Resources */ = {isa = PBXBuildFile; fileRef = 74BBD9DE29CCD60800CC7A7B /* Assets.xcassets */; };
		74BBD9E229CCD60800CC7A7B /* LaunchScreen.storyboard in Resources */ = {isa = PBXBuildFile; fileRef = 74BBD9E029CCD60800CC7A7B /* LaunchScreen.storyboard */; };
		F80799D929E78E920030D70A /* .gitignore in Resources */ = {isa = PBXBuildFile; fileRef = F80799D829E78E920030D70A /* .gitignore */; };
		F80D3D7F29E7058E00B752FB /* TipCalculatorViewController.swift in Sources */ = {isa = PBXBuildFile; fileRef = F80D3D7E29E7058E00B752FB /* TipCalculatorViewController.swift */; };
		F80D3D8129E705A800B752FB /* StandardConversionsViewController.swift in Sources */ = {isa = PBXBuildFile; fileRef = F80D3D8029E705A800B752FB /* StandardConversionsViewController.swift */; };
		F80D3D8329E705D200B752FB /* TrigonometryCalculatorViewController.swift in Sources */ = {isa = PBXBuildFile; fileRef = F80D3D8229E705D200B752FB /* TrigonometryCalculatorViewController.swift */; };
		F80D3D8529E705EE00B752FB /* BasicCalculatorViewController.swift in Sources */ = {isa = PBXBuildFile; fileRef = F80D3D8429E705EE00B752FB /* BasicCalculatorViewController.swift */; };
		F831B63B29E77E9400DCED5F /* LengthConversionsViewController.swift in Sources */ = {isa = PBXBuildFile; fileRef = F831B63A29E77E9400DCED5F /* LengthConversionsViewController.swift */; };
		F831B63D29E7814C00DCED5F /* AreaConversionsViewController.swift in Sources */ = {isa = PBXBuildFile; fileRef = F831B63C29E7814C00DCED5F /* AreaConversionsViewController.swift */; };
		F831B63F29E782ED00DCED5F /* VolumeConversionsViewController.swift in Sources */ = {isa = PBXBuildFile; fileRef = F831B63E29E782ED00DCED5F /* VolumeConversionsViewController.swift */; };
		F831B64129E7830100DCED5F /* SpeedConversionsViewController.swift in Sources */ = {isa = PBXBuildFile; fileRef = F831B64029E7830100DCED5F /* SpeedConversionsViewController.swift */; };
		F831B64329E7831400DCED5F /* TimeConversionsViewController.swift in Sources */ = {isa = PBXBuildFile; fileRef = F831B64229E7831400DCED5F /* TimeConversionsViewController.swift */; };
		F831B64529E7832700DCED5F /* WeightConversionsViewController.swift in Sources */ = {isa = PBXBuildFile; fileRef = F831B64429E7832700DCED5F /* WeightConversionsViewController.swift */; };
		F83EEEC129E6325600196103 /* osu-brand-primary-full.png in Resources */ = {isa = PBXBuildFile; fileRef = F83EEEC029E6325600196103 /* osu-brand-primary-full.png */; };
/* End PBXBuildFile section */

/* Begin PBXFileReference section */
		74BBD9D229CCD60500CC7A7B /* Team_Goldfish.app */ = {isa = PBXFileReference; explicitFileType = wrapper.application; includeInIndex = 0; path = Team_Goldfish.app; sourceTree = BUILT_PRODUCTS_DIR; };
		74BBD9D529CCD60500CC7A7B /* AppDelegate.swift */ = {isa = PBXFileReference; lastKnownFileType = sourcecode.swift; path = AppDelegate.swift; sourceTree = "<group>"; };
		74BBD9D729CCD60500CC7A7B /* SceneDelegate.swift */ = {isa = PBXFileReference; lastKnownFileType = sourcecode.swift; path = SceneDelegate.swift; sourceTree = "<group>"; };
		74BBD9D929CCD60500CC7A7B /* ViewController.swift */ = {isa = PBXFileReference; lastKnownFileType = sourcecode.swift; path = ViewController.swift; sourceTree = "<group>"; };
		74BBD9DC29CCD60500CC7A7B /* Base */ = {isa = PBXFileReference; lastKnownFileType = file.storyboard; name = Base; path = Base.lproj/Main.storyboard; sourceTree = "<group>"; };
		74BBD9DE29CCD60800CC7A7B /* Assets.xcassets */ = {isa = PBXFileReference; lastKnownFileType = folder.assetcatalog; path = Assets.xcassets; sourceTree = "<group>"; };
		74BBD9E129CCD60800CC7A7B /* Base */ = {isa = PBXFileReference; lastKnownFileType = file.storyboard; name = Base; path = Base.lproj/LaunchScreen.storyboard; sourceTree = "<group>"; };
		74BBD9E329CCD60800CC7A7B /* Info.plist */ = {isa = PBXFileReference; lastKnownFileType = text.plist.xml; path = Info.plist; sourceTree = "<group>"; };
		F80799D829E78E920030D70A /* .gitignore */ = {isa = PBXFileReference; fileEncoding = 4; lastKnownFileType = text; path = .gitignore; sourceTree = "<group>"; };
		F80D3D7E29E7058E00B752FB /* TipCalculatorViewController.swift */ = {isa = PBXFileReference; lastKnownFileType = sourcecode.swift; path = TipCalculatorViewController.swift; sourceTree = "<group>"; };
		F80D3D8029E705A800B752FB /* StandardConversionsViewController.swift */ = {isa = PBXFileReference; lastKnownFileType = sourcecode.swift; path = StandardConversionsViewController.swift; sourceTree = "<group>"; };
		F80D3D8229E705D200B752FB /* TrigonometryCalculatorViewController.swift */ = {isa = PBXFileReference; lastKnownFileType = sourcecode.swift; path = TrigonometryCalculatorViewController.swift; sourceTree = "<group>"; };
		F80D3D8429E705EE00B752FB /* BasicCalculatorViewController.swift */ = {isa = PBXFileReference; lastKnownFileType = sourcecode.swift; path = BasicCalculatorViewController.swift; sourceTree = "<group>"; };
		F831B63A29E77E9400DCED5F /* LengthConversionsViewController.swift */ = {isa = PBXFileReference; lastKnownFileType = sourcecode.swift; path = LengthConversionsViewController.swift; sourceTree = "<group>"; };
		F831B63C29E7814C00DCED5F /* AreaConversionsViewController.swift */ = {isa = PBXFileReference; lastKnownFileType = sourcecode.swift; path = AreaConversionsViewController.swift; sourceTree = "<group>"; };
		F831B63E29E782ED00DCED5F /* VolumeConversionsViewController.swift */ = {isa = PBXFileReference; lastKnownFileType = sourcecode.swift; path = VolumeConversionsViewController.swift; sourceTree = "<group>"; };
		F831B64029E7830100DCED5F /* SpeedConversionsViewController.swift */ = {isa = PBXFileReference; lastKnownFileType = sourcecode.swift; path = SpeedConversionsViewController.swift; sourceTree = "<group>"; };
		F831B64229E7831400DCED5F /* TimeConversionsViewController.swift */ = {isa = PBXFileReference; lastKnownFileType = sourcecode.swift; path = TimeConversionsViewController.swift; sourceTree = "<group>"; };
		F831B64429E7832700DCED5F /* WeightConversionsViewController.swift */ = {isa = PBXFileReference; lastKnownFileType = sourcecode.swift; path = WeightConversionsViewController.swift; sourceTree = "<group>"; };
		F83EEEC029E6325600196103 /* osu-brand-primary-full.png */ = {isa = PBXFileReference; lastKnownFileType = image.png; path = "osu-brand-primary-full.png"; sourceTree = "<group>"; };
/* End PBXFileReference section */

/* Begin PBXFrameworksBuildPhase section */
		74BBD9CF29CCD60500CC7A7B /* Frameworks */ = {
			isa = PBXFrameworksBuildPhase;
			buildActionMask = 2147483647;
			files = (
			);
			runOnlyForDeploymentPostprocessing = 0;
		};
/* End PBXFrameworksBuildPhase section */

/* Begin PBXGroup section */
		74BBD9C929CCD60500CC7A7B = {
			isa = PBXGroup;
			children = (
				F80799D829E78E920030D70A /* .gitignore */,
				74BBD9D429CCD60500CC7A7B /* Team_Goldfish */,
				74BBD9D329CCD60500CC7A7B /* Products */,
			);
			sourceTree = "<group>";
		};
		74BBD9D329CCD60500CC7A7B /* Products */ = {
			isa = PBXGroup;
			children = (
				74BBD9D229CCD60500CC7A7B /* Team_Goldfish.app */,
			);
			name = Products;
			sourceTree = "<group>";
		};
		74BBD9D429CCD60500CC7A7B /* Team_Goldfish */ = {
			isa = PBXGroup;
			children = (
				74BBD9D529CCD60500CC7A7B /* AppDelegate.swift */,
				74BBD9D729CCD60500CC7A7B /* SceneDelegate.swift */,
				74BBD9D929CCD60500CC7A7B /* ViewController.swift */,
				74BBD9DB29CCD60500CC7A7B /* Main.storyboard */,
				F831B64429E7832700DCED5F /* WeightConversionsViewController.swift */,
				F831B64029E7830100DCED5F /* SpeedConversionsViewController.swift */,
				F831B64229E7831400DCED5F /* TimeConversionsViewController.swift */,
				F831B63E29E782ED00DCED5F /* VolumeConversionsViewController.swift */,
				F831B63C29E7814C00DCED5F /* AreaConversionsViewController.swift */,
				F831B63A29E77E9400DCED5F /* LengthConversionsViewController.swift */,
				F80D3D8429E705EE00B752FB /* BasicCalculatorViewController.swift */,
				F80D3D8229E705D200B752FB /* TrigonometryCalculatorViewController.swift */,
				F80D3D8029E705A800B752FB /* StandardConversionsViewController.swift */,
				F80D3D7E29E7058E00B752FB /* TipCalculatorViewController.swift */,
				74BBD9DE29CCD60800CC7A7B /* Assets.xcassets */,
				F83EEEC029E6325600196103 /* osu-brand-primary-full.png */,
				74BBD9E029CCD60800CC7A7B /* LaunchScreen.storyboard */,
				74BBD9E329CCD60800CC7A7B /* Info.plist */,
			);
			path = Team_Goldfish;
			sourceTree = "<group>";
		};
/* End PBXGroup section */

/* Begin PBXNativeTarget section */
		74BBD9D129CCD60500CC7A7B /* Team_Goldfish */ = {
			isa = PBXNativeTarget;
			buildConfigurationList = 74BBD9E629CCD60800CC7A7B /* Build configuration list for PBXNativeTarget "Team_Goldfish" */;
			buildPhases = (
				74BBD9CE29CCD60500CC7A7B /* Sources */,
				74BBD9CF29CCD60500CC7A7B /* Frameworks */,
				74BBD9D029CCD60500CC7A7B /* Resources */,
			);
			buildRules = (
			);
			dependencies = (
			);
			name = Team_Goldfish;
			productName = "Team Goldfish Mockups";
			productReference = 74BBD9D229CCD60500CC7A7B /* Team_Goldfish.app */;
			productType = "com.apple.product-type.application";
		};
/* End PBXNativeTarget section */

/* Begin PBXProject section */
		74BBD9CA29CCD60500CC7A7B /* Project object */ = {
			isa = PBXProject;
			attributes = {
				BuildIndependentTargetsInParallel = 1;
				KnownAssetTags = (
					"15%",
					"20%",
				);
				LastSwiftUpdateCheck = 1420;
				LastUpgradeCheck = 1420;
				TargetAttributes = {
					74BBD9D129CCD60500CC7A7B = {
						CreatedOnToolsVersion = 14.2;
					};
				};
			};
			buildConfigurationList = 74BBD9CD29CCD60500CC7A7B /* Build configuration list for PBXProject "Team_Goldfish" */;
			compatibilityVersion = "Xcode 14.0";
			developmentRegion = en;
			hasScannedForEncodings = 0;
			knownRegions = (
				en,
				Base,
			);
			mainGroup = 74BBD9C929CCD60500CC7A7B;
			productRefGroup = 74BBD9D329CCD60500CC7A7B /* Products */;
			projectDirPath = "";
			projectRoot = "";
			targets = (
				74BBD9D129CCD60500CC7A7B /* Team_Goldfish */,
			);
		};
/* End PBXProject section */

/* Begin PBXResourcesBuildPhase section */
		74BBD9D029CCD60500CC7A7B /* Resources */ = {
			isa = PBXResourcesBuildPhase;
			buildActionMask = 2147483647;
			files = (
				F80799D929E78E920030D70A /* .gitignore in Resources */,
				74BBD9E229CCD60800CC7A7B /* LaunchScreen.storyboard in Resources */,
				F83EEEC129E6325600196103 /* osu-brand-primary-full.png in Resources */,
				74BBD9DF29CCD60800CC7A7B /* Assets.xcassets in Resources */,
				74BBD9DD29CCD60500CC7A7B /* Main.storyboard in Resources */,
			);
			runOnlyForDeploymentPostprocessing = 0;
		};
/* End PBXResourcesBuildPhase section */

/* Begin PBXSourcesBuildPhase section */
		74BBD9CE29CCD60500CC7A7B /* Sources */ = {
			isa = PBXSourcesBuildPhase;
			buildActionMask = 2147483647;
			files = (
				F831B64529E7832700DCED5F /* WeightConversionsViewController.swift in Sources */,
				F831B63F29E782ED00DCED5F /* VolumeConversionsViewController.swift in Sources */,
				F831B64129E7830100DCED5F /* SpeedConversionsViewController.swift in Sources */,
				74BBD9DA29CCD60500CC7A7B /* ViewController.swift in Sources */,
				F80D3D8529E705EE00B752FB /* BasicCalculatorViewController.swift in Sources */,
				F831B63B29E77E9400DCED5F /* LengthConversionsViewController.swift in Sources */,
				74BBD9D629CCD60500CC7A7B /* AppDelegate.swift in Sources */,
				74BBD9D829CCD60500CC7A7B /* SceneDelegate.swift in Sources */,
				F80D3D8329E705D200B752FB /* TrigonometryCalculatorViewController.swift in Sources */,
				F80D3D7F29E7058E00B752FB /* TipCalculatorViewController.swift in Sources */,
				F831B64329E7831400DCED5F /* TimeConversionsViewController.swift in Sources */,
				F831B63D29E7814C00DCED5F /* AreaConversionsViewController.swift in Sources */,
				F80D3D8129E705A800B752FB /* StandardConversionsViewController.swift in Sources */,
			);
			runOnlyForDeploymentPostprocessing = 0;
		};
/* End PBXSourcesBuildPhase section */

/* Begin PBXVariantGroup section */
		74BBD9DB29CCD60500CC7A7B /* Main.storyboard */ = {
			isa = PBXVariantGroup;
			children = (
				74BBD9DC29CCD60500CC7A7B /* Base */,
			);
			name = Main.storyboard;
			sourceTree = "<group>";
		};
		74BBD9E029CCD60800CC7A7B /* LaunchScreen.storyboard */ = {
			isa = PBXVariantGroup;
			children = (
				74BBD9E129CCD60800CC7A7B /* Base */,
			);
			name = LaunchScreen.storyboard;
			sourceTree = "<group>";
		};
/* End PBXVariantGroup section */

/* Begin XCBuildConfiguration section */
		74BBD9E429CCD60800CC7A7B /* Debug */ = {
			isa = XCBuildConfiguration;
			buildSettings = {
				ALWAYS_SEARCH_USER_PATHS = NO;
				CLANG_ANALYZER_NONNULL = YES;
				CLANG_ANALYZER_NUMBER_OBJECT_CONVERSION = YES_AGGRESSIVE;
				CLANG_CXX_LANGUAGE_STANDARD = "gnu++20";
				CLANG_ENABLE_MODULES = YES;
				CLANG_ENABLE_OBJC_ARC = YES;
				CLANG_ENABLE_OBJC_WEAK = YES;
				CLANG_WARN_BLOCK_CAPTURE_AUTORELEASING = YES;
				CLANG_WARN_BOOL_CONVERSION = YES;
				CLANG_WARN_COMMA = YES;
				CLANG_WARN_CONSTANT_CONVERSION = YES;
				CLANG_WARN_DEPRECATED_OBJC_IMPLEMENTATIONS = YES;
				CLANG_WARN_DIRECT_OBJC_ISA_USAGE = YES_ERROR;
				CLANG_WARN_DOCUMENTATION_COMMENTS = YES;
				CLANG_WARN_EMPTY_BODY = YES;
				CLANG_WARN_ENUM_CONVERSION = YES;
				CLANG_WARN_INFINITE_RECURSION = YES;
				CLANG_WARN_INT_CONVERSION = YES;
				CLANG_WARN_NON_LITERAL_NULL_CONVERSION = YES;
				CLANG_WARN_OBJC_IMPLICIT_RETAIN_SELF = YES;
				CLANG_WARN_OBJC_LITERAL_CONVERSION = YES;
				CLANG_WARN_OBJC_ROOT_CLASS = YES_ERROR;
				CLANG_WARN_QUOTED_INCLUDE_IN_FRAMEWORK_HEADER = YES;
				CLANG_WARN_RANGE_LOOP_ANALYSIS = YES;
				CLANG_WARN_STRICT_PROTOTYPES = YES;
				CLANG_WARN_SUSPICIOUS_MOVE = YES;
				CLANG_WARN_UNGUARDED_AVAILABILITY = YES_AGGRESSIVE;
				CLANG_WARN_UNREACHABLE_CODE = YES;
				CLANG_WARN__DUPLICATE_METHOD_MATCH = YES;
				COPY_PHASE_STRIP = NO;
				DEBUG_INFORMATION_FORMAT = dwarf;
				ENABLE_STRICT_OBJC_MSGSEND = YES;
				ENABLE_TESTABILITY = YES;
				GCC_C_LANGUAGE_STANDARD = gnu11;
				GCC_DYNAMIC_NO_PIC = NO;
				GCC_NO_COMMON_BLOCKS = YES;
				GCC_OPTIMIZATION_LEVEL = 0;
				GCC_PREPROCESSOR_DEFINITIONS = (
					"DEBUG=1",
					"$(inherited)",
				);
				GCC_WARN_64_TO_32_BIT_CONVERSION = YES;
				GCC_WARN_ABOUT_RETURN_TYPE = YES_ERROR;
				GCC_WARN_UNDECLARED_SELECTOR = YES;
				GCC_WARN_UNINITIALIZED_AUTOS = YES_AGGRESSIVE;
				GCC_WARN_UNUSED_FUNCTION = YES;
				GCC_WARN_UNUSED_VARIABLE = YES;
				IPHONEOS_DEPLOYMENT_TARGET = 16.2;
				MTL_ENABLE_DEBUG_INFO = INCLUDE_SOURCE;
				MTL_FAST_MATH = YES;
				ONLY_ACTIVE_ARCH = YES;
				SDKROOT = iphoneos;
				SWIFT_ACTIVE_COMPILATION_CONDITIONS = DEBUG;
				SWIFT_OPTIMIZATION_LEVEL = "-Onone";
			};
			name = Debug;
		};
		74BBD9E529CCD60800CC7A7B /* Release */ = {
			isa = XCBuildConfiguration;
			buildSettings = {
				ALWAYS_SEARCH_USER_PATHS = NO;
				CLANG_ANALYZER_NONNULL = YES;
				CLANG_ANALYZER_NUMBER_OBJECT_CONVERSION = YES_AGGRESSIVE;
				CLANG_CXX_LANGUAGE_STANDARD = "gnu++20";
				CLANG_ENABLE_MODULES = YES;
				CLANG_ENABLE_OBJC_ARC = YES;
				CLANG_ENABLE_OBJC_WEAK = YES;
				CLANG_WARN_BLOCK_CAPTURE_AUTORELEASING = YES;
				CLANG_WARN_BOOL_CONVERSION = YES;
				CLANG_WARN_COMMA = YES;
				CLANG_WARN_CONSTANT_CONVERSION = YES;
				CLANG_WARN_DEPRECATED_OBJC_IMPLEMENTATIONS = YES;
				CLANG_WARN_DIRECT_OBJC_ISA_USAGE = YES_ERROR;
				CLANG_WARN_DOCUMENTATION_COMMENTS = YES;
				CLANG_WARN_EMPTY_BODY = YES;
				CLANG_WARN_ENUM_CONVERSION = YES;
				CLANG_WARN_INFINITE_RECURSION = YES;
				CLANG_WARN_INT_CONVERSION = YES;
				CLANG_WARN_NON_LITERAL_NULL_CONVERSION = YES;
				CLANG_WARN_OBJC_IMPLICIT_RETAIN_SELF = YES;
				CLANG_WARN_OBJC_LITERAL_CONVERSION = YES;
				CLANG_WARN_OBJC_ROOT_CLASS = YES_ERROR;
				CLANG_WARN_QUOTED_INCLUDE_IN_FRAMEWORK_HEADER = YES;
				CLANG_WARN_RANGE_LOOP_ANALYSIS = YES;
				CLANG_WARN_STRICT_PROTOTYPES = YES;
				CLANG_WARN_SUSPICIOUS_MOVE = YES;
				CLANG_WARN_UNGUARDED_AVAILABILITY = YES_AGGRESSIVE;
				CLANG_WARN_UNREACHABLE_CODE = YES;
				CLANG_WARN__DUPLICATE_METHOD_MATCH = YES;
				COPY_PHASE_STRIP = NO;
				DEBUG_INFORMATION_FORMAT = "dwarf-with-dsym";
				ENABLE_NS_ASSERTIONS = NO;
				ENABLE_STRICT_OBJC_MSGSEND = YES;
				GCC_C_LANGUAGE_STANDARD = gnu11;
				GCC_NO_COMMON_BLOCKS = YES;
				GCC_WARN_64_TO_32_BIT_CONVERSION = YES;
				GCC_WARN_ABOUT_RETURN_TYPE = YES_ERROR;
				GCC_WARN_UNDECLARED_SELECTOR = YES;
				GCC_WARN_UNINITIALIZED_AUTOS = YES_AGGRESSIVE;
				GCC_WARN_UNUSED_FUNCTION = YES;
				GCC_WARN_UNUSED_VARIABLE = YES;
				IPHONEOS_DEPLOYMENT_TARGET = 16.2;
				MTL_ENABLE_DEBUG_INFO = NO;
				MTL_FAST_MATH = YES;
				SDKROOT = iphoneos;
				SWIFT_COMPILATION_MODE = wholemodule;
				SWIFT_OPTIMIZATION_LEVEL = "-O";
				VALIDATE_PRODUCT = YES;
			};
			name = Release;
		};
		74BBD9E729CCD60800CC7A7B /* Debug */ = {
			isa = XCBuildConfiguration;
			buildSettings = {
				ASSETCATALOG_COMPILER_APPICON_NAME = AppIcon;
				ASSETCATALOG_COMPILER_GLOBAL_ACCENT_COLOR_NAME = AccentColor;
				CODE_SIGN_STYLE = Automatic;
				CURRENT_PROJECT_VERSION = 1;
				GENERATE_INFOPLIST_FILE = YES;
				INFOPLIST_FILE = Team_Goldfish/Info.plist;
				INFOPLIST_KEY_UIApplicationSupportsIndirectInputEvents = YES;
				INFOPLIST_KEY_UILaunchStoryboardName = LaunchScreen;
				INFOPLIST_KEY_UIMainStoryboardFile = Main;
				INFOPLIST_KEY_UISupportedInterfaceOrientations_iPad = "UIInterfaceOrientationPortrait UIInterfaceOrientationPortraitUpsideDown UIInterfaceOrientationLandscapeLeft UIInterfaceOrientationLandscapeRight";
				INFOPLIST_KEY_UISupportedInterfaceOrientations_iPhone = "UIInterfaceOrientationPortrait UIInterfaceOrientationLandscapeLeft UIInterfaceOrientationLandscapeRight";
				LD_RUNPATH_SEARCH_PATHS = (
					"$(inherited)",
					"@executable_path/Frameworks",
				);
				MARKETING_VERSION = 1.0;
				PRODUCT_BUNDLE_IDENTIFIER = "anthony.r.horinek-OSU.TeamGoldfish";
				PRODUCT_NAME = "$(TARGET_NAME)";
				SWIFT_EMIT_LOC_STRINGS = YES;
				SWIFT_VERSION = 5.0;
				TARGETED_DEVICE_FAMILY = "1,2";
			};
			name = Debug;
		};
		74BBD9E829CCD60800CC7A7B /* Release */ = {
			isa = XCBuildConfiguration;
			buildSettings = {
				ASSETCATALOG_COMPILER_APPICON_NAME = AppIcon;
				ASSETCATALOG_COMPILER_GLOBAL_ACCENT_COLOR_NAME = AccentColor;
				CODE_SIGN_STYLE = Automatic;
				CURRENT_PROJECT_VERSION = 1;
				GENERATE_INFOPLIST_FILE = YES;
				INFOPLIST_FILE = Team_Goldfish/Info.plist;
				INFOPLIST_KEY_UIApplicationSupportsIndirectInputEvents = YES;
				INFOPLIST_KEY_UILaunchStoryboardName = LaunchScreen;
				INFOPLIST_KEY_UIMainStoryboardFile = Main;
				INFOPLIST_KEY_UISupportedInterfaceOrientations_iPad = "UIInterfaceOrientationPortrait UIInterfaceOrientationPortraitUpsideDown UIInterfaceOrientationLandscapeLeft UIInterfaceOrientationLandscapeRight";
				INFOPLIST_KEY_UISupportedInterfaceOrientations_iPhone = "UIInterfaceOrientationPortrait UIInterfaceOrientationLandscapeLeft UIInterfaceOrientationLandscapeRight";
				LD_RUNPATH_SEARCH_PATHS = (
					"$(inherited)",
					"@executable_path/Frameworks",
				);
				MARKETING_VERSION = 1.0;
				PRODUCT_BUNDLE_IDENTIFIER = "anthony.r.horinek-OSU.TeamGoldfish";
				PRODUCT_NAME = "$(TARGET_NAME)";
				SWIFT_EMIT_LOC_STRINGS = YES;
				SWIFT_VERSION = 5.0;
				TARGETED_DEVICE_FAMILY = "1,2";
			};
			name = Release;
		};
/* End XCBuildConfiguration section */

/* Begin XCConfigurationList section */
		74BBD9CD29CCD60500CC7A7B /* Build configuration list for PBXProject "Team_Goldfish" */ = {
			isa = XCConfigurationList;
			buildConfigurations = (
				74BBD9E429CCD60800CC7A7B /* Debug */,
				74BBD9E529CCD60800CC7A7B /* Release */,
			);
			defaultConfigurationIsVisible = 0;
			defaultConfigurationName = Release;
		};
		74BBD9E629CCD60800CC7A7B /* Build configuration list for PBXNativeTarget "Team_Goldfish" */ = {
			isa = XCConfigurationList;
			buildConfigurations = (
				74BBD9E729CCD60800CC7A7B /* Debug */,
				74BBD9E829CCD60800CC7A7B /* Release */,
			);
			defaultConfigurationIsVisible = 0;
			defaultConfigurationName = Release;
		};
/* End XCConfigurationList section */
	};
	rootObject = 74BBD9CA29CCD60500CC7A7B /* Project object */;
}
